
Microsoft Visual Studio Solution File, Format Version 12.00
# Visual Studio Version 17
VisualStudioVersion = 17.7.34202.233
MinimumVisualStudioVersion = 10.0.40219.1
Project("{FAE04EC0-301F-11D3-BF4B-00C04F79EFBC}") = "MagicVilla_villa_API", "MagicVilla_villa_API\MagicVilla_villa_API.csproj", "{D53483AB-42AA-406B-AB64-26DDD6F785E8}"
EndProject
Global
	GlobalSection(SolutionConfigurationPlatforms) = preSolution
		Debug|Any CPU = Debug|Any CPU
		Release|Any CPU = Release|Any CPU
	EndGlobalSection
	GlobalSection(ProjectConfigurationPlatforms) = postSolution
		{D53483AB-42AA-406B-AB64-26DDD6F785E8}.Debug|Any CPU.ActiveCfg = Debug|Any CPU
		{D53483AB-42AA-406B-AB64-26DDD6F785E8}.Debug|Any CPU.Build.0 = Debug|Any CPU
		{D53483AB-42AA-406B-AB64-26DDD6F785E8}.Release|Any CPU.ActiveCfg = Release|Any CPU
		{D53483AB-42AA-406B-AB64-26DDD6F785E8}.Release|Any CPU.Build.0 = Release|Any CPU
	EndGlobalSection
	GlobalSection(SolutionProperties) = preSolution
		HideSolutionNode = FALSE
	EndGlobalSection
	GlobalSection(ExtensibilityGlobals) = postSolution
		SolutionGuid = {2F9C5C7A-A1A9-44E9-AC6C-71C3C845F9DD}
	EndGlobalSection
EndGlobal
